github.com/joho/godotenv v1.5.1 h1:7eLL/+HRGLY0ldzfGMeQkb7vMd0as4CfYvUVzLqw0N0=
github.com/joho/godotenv v1.5.1/go.mod h1:f4LDr5Voq0i2e/R5DDNOoa2zzDfwtkZa6DnEwAbqwq4=
github.com/kuhahalong/ddgsearch v0.0.0-20241205095054-d297f4189b6e h1:YPSyLszUCF/dHoMOPw8td7ZziInMS4+uri0UKZRHU08=
github.com/kuhahalong/ddgsearch v0.0.0-20241205095054-d297f4189b6e/go.mod h1:MrP261ktowGYCwIBIsE+SMoHkzE6Xx9aXuksezbjbSk=
